
Microsoft Visual Studio Solution File, Format Version 12.00
# Visual Studio Version 16
VisualStudioVersion = 16.0.28803.452
MinimumVisualStudioVersion = 10.0.40219.1
Project("{9A19103F-16F7-4668-BE54-9A1E7A4F7556}") = "E06_descontoProduto", "E06_descontoProduto.csproj", "{59335D3B-2BAB-4725-AFC5-AC1451C24741}"
EndProject
Global
	GlobalSection(SolutionConfigurationPlatforms) = preSolution
		Debug|Any CPU = Debug|Any CPU
		Release|Any CPU = Release|Any CPU
	EndGlobalSection
	GlobalSection(ProjectConfigurationPlatforms) = postSolution
		{59335D3B-2BAB-4725-AFC5-AC1451C24741}.Debug|Any CPU.ActiveCfg = Debug|Any CPU
		{59335D3B-2BAB-4725-AFC5-AC1451C24741}.Debug|Any CPU.Build.0 = Debug|Any CPU
		{59335D3B-2BAB-4725-AFC5-AC1451C24741}.Release|Any CPU.ActiveCfg = Release|Any CPU
		{59335D3B-2BAB-4725-AFC5-AC1451C24741}.Release|Any CPU.Build.0 = Release|Any CPU
	EndGlobalSection
	GlobalSection(SolutionProperties) = preSolution
		HideSolutionNode = FALSE
	EndGlobalSection
	GlobalSection(ExtensibilityGlobals) = postSolution
		SolutionGuid = {4D2E535B-4928-47A0-B157-FE12ECDA907B}
	EndGlobalSection
EndGlobal
