
Microsoft Visual Studio Solution File, Format Version 12.00
# Visual Studio Version 16
VisualStudioVersion = 16.0.28803.452
MinimumVisualStudioVersion = 10.0.40219.1
Project("{9A19103F-16F7-4668-BE54-9A1E7A4F7556}") = "E01_pessoa", "E01_pessoa.csproj", "{03802B93-6984-4B4D-A40B-66E8B4FA3F09}"
EndProject
Global
	GlobalSection(SolutionConfigurationPlatforms) = preSolution
		Debug|Any CPU = Debug|Any CPU
		Release|Any CPU = Release|Any CPU
	EndGlobalSection
	GlobalSection(ProjectConfigurationPlatforms) = postSolution
		{03802B93-6984-4B4D-A40B-66E8B4FA3F09}.Debug|Any CPU.ActiveCfg = Debug|Any CPU
		{03802B93-6984-4B4D-A40B-66E8B4FA3F09}.Debug|Any CPU.Build.0 = Debug|Any CPU
		{03802B93-6984-4B4D-A40B-66E8B4FA3F09}.Release|Any CPU.ActiveCfg = Release|Any CPU
		{03802B93-6984-4B4D-A40B-66E8B4FA3F09}.Release|Any CPU.Build.0 = Release|Any CPU
	EndGlobalSection
	GlobalSection(SolutionProperties) = preSolution
		HideSolutionNode = FALSE
	EndGlobalSection
	GlobalSection(ExtensibilityGlobals) = postSolution
		SolutionGuid = {6F8934DF-7EFF-4C7F-9C39-E025E353A6C1}
	EndGlobalSection
EndGlobal
