
Microsoft Visual Studio Solution File, Format Version 12.00
# Visual Studio Version 16
VisualStudioVersion = 16.0.28803.452
MinimumVisualStudioVersion = 10.0.40219.1
Project("{9A19103F-16F7-4668-BE54-9A1E7A4F7556}") = "E09_cadastrarDados", "E09_cadastrarDados.csproj", "{A192B3E9-C13F-4F80-ADE2-F921B3EE40C9}"
EndProject
Global
	GlobalSection(SolutionConfigurationPlatforms) = preSolution
		Debug|Any CPU = Debug|Any CPU
		Release|Any CPU = Release|Any CPU
	EndGlobalSection
	GlobalSection(ProjectConfigurationPlatforms) = postSolution
		{A192B3E9-C13F-4F80-ADE2-F921B3EE40C9}.Debug|Any CPU.ActiveCfg = Debug|Any CPU
		{A192B3E9-C13F-4F80-ADE2-F921B3EE40C9}.Debug|Any CPU.Build.0 = Debug|Any CPU
		{A192B3E9-C13F-4F80-ADE2-F921B3EE40C9}.Release|Any CPU.ActiveCfg = Release|Any CPU
		{A192B3E9-C13F-4F80-ADE2-F921B3EE40C9}.Release|Any CPU.Build.0 = Release|Any CPU
	EndGlobalSection
	GlobalSection(SolutionProperties) = preSolution
		HideSolutionNode = FALSE
	EndGlobalSection
	GlobalSection(ExtensibilityGlobals) = postSolution
		SolutionGuid = {EC4D55B8-EA88-4A53-A9A4-F34794377559}
	EndGlobalSection
EndGlobal
