
Microsoft Visual Studio Solution File, Format Version 12.00
# Visual Studio Version 16
VisualStudioVersion = 16.0.28803.452
MinimumVisualStudioVersion = 10.0.40219.1
Project("{9A19103F-16F7-4668-BE54-9A1E7A4F7556}") = "E07_repeticaoNumerosPares", "E07_repeticaoNumerosPares.csproj", "{D6FBD4E7-F157-4960-B1E0-F600B6B1F96F}"
EndProject
Global
	GlobalSection(SolutionConfigurationPlatforms) = preSolution
		Debug|Any CPU = Debug|Any CPU
		Release|Any CPU = Release|Any CPU
	EndGlobalSection
	GlobalSection(ProjectConfigurationPlatforms) = postSolution
		{D6FBD4E7-F157-4960-B1E0-F600B6B1F96F}.Debug|Any CPU.ActiveCfg = Debug|Any CPU
		{D6FBD4E7-F157-4960-B1E0-F600B6B1F96F}.Debug|Any CPU.Build.0 = Debug|Any CPU
		{D6FBD4E7-F157-4960-B1E0-F600B6B1F96F}.Release|Any CPU.ActiveCfg = Release|Any CPU
		{D6FBD4E7-F157-4960-B1E0-F600B6B1F96F}.Release|Any CPU.Build.0 = Release|Any CPU
	EndGlobalSection
	GlobalSection(SolutionProperties) = preSolution
		HideSolutionNode = FALSE
	EndGlobalSection
	GlobalSection(ExtensibilityGlobals) = postSolution
		SolutionGuid = {03660A8F-80D1-4FB8-8D75-B25D6D594757}
	EndGlobalSection
EndGlobal
