
Microsoft Visual Studio Solution File, Format Version 12.00
# Visual Studio Version 16
VisualStudioVersion = 16.0.28803.452
MinimumVisualStudioVersion = 10.0.40219.1
Project("{9A19103F-16F7-4668-BE54-9A1E7A4F7556}") = "E01_cadastrarDados", "E01_cadastrarDados.csproj", "{B8F7747D-77F8-4EA6-8ED2-38317F293D12}"
EndProject
Global
	GlobalSection(SolutionConfigurationPlatforms) = preSolution
		Debug|Any CPU = Debug|Any CPU
		Release|Any CPU = Release|Any CPU
	EndGlobalSection
	GlobalSection(ProjectConfigurationPlatforms) = postSolution
		{B8F7747D-77F8-4EA6-8ED2-38317F293D12}.Debug|Any CPU.ActiveCfg = Debug|Any CPU
		{B8F7747D-77F8-4EA6-8ED2-38317F293D12}.Debug|Any CPU.Build.0 = Debug|Any CPU
		{B8F7747D-77F8-4EA6-8ED2-38317F293D12}.Release|Any CPU.ActiveCfg = Release|Any CPU
		{B8F7747D-77F8-4EA6-8ED2-38317F293D12}.Release|Any CPU.Build.0 = Release|Any CPU
	EndGlobalSection
	GlobalSection(SolutionProperties) = preSolution
		HideSolutionNode = FALSE
	EndGlobalSection
	GlobalSection(ExtensibilityGlobals) = postSolution
		SolutionGuid = {81822B40-02C8-4728-B221-B160D7EDEF60}
	EndGlobalSection
EndGlobal
