
Microsoft Visual Studio Solution File, Format Version 12.00
# Visual Studio Version 16
VisualStudioVersion = 16.0.28803.452
MinimumVisualStudioVersion = 10.0.40219.1
Project("{9A19103F-16F7-4668-BE54-9A1E7A4F7556}") = "E03_arquivo", "E03_arquivo.csproj", "{390046B0-79BC-4E25-827D-75F2F8116577}"
EndProject
Global
	GlobalSection(SolutionConfigurationPlatforms) = preSolution
		Debug|Any CPU = Debug|Any CPU
		Release|Any CPU = Release|Any CPU
	EndGlobalSection
	GlobalSection(ProjectConfigurationPlatforms) = postSolution
		{390046B0-79BC-4E25-827D-75F2F8116577}.Debug|Any CPU.ActiveCfg = Debug|Any CPU
		{390046B0-79BC-4E25-827D-75F2F8116577}.Debug|Any CPU.Build.0 = Debug|Any CPU
		{390046B0-79BC-4E25-827D-75F2F8116577}.Release|Any CPU.ActiveCfg = Release|Any CPU
		{390046B0-79BC-4E25-827D-75F2F8116577}.Release|Any CPU.Build.0 = Release|Any CPU
	EndGlobalSection
	GlobalSection(SolutionProperties) = preSolution
		HideSolutionNode = FALSE
	EndGlobalSection
	GlobalSection(ExtensibilityGlobals) = postSolution
		SolutionGuid = {DB26DFF6-4824-443C-BF52-80656A942C13}
	EndGlobalSection
EndGlobal
