
Microsoft Visual Studio Solution File, Format Version 12.00
# Visual Studio Version 16
VisualStudioVersion = 16.0.28803.452
MinimumVisualStudioVersion = 10.0.40219.1
Project("{9A19103F-16F7-4668-BE54-9A1E7A4F7556}") = "E03_areaPerimetro", "E03_areaPerimetro.csproj", "{D59F8E46-1006-4C3C-8D86-79061DAF6253}"
EndProject
Global
	GlobalSection(SolutionConfigurationPlatforms) = preSolution
		Debug|Any CPU = Debug|Any CPU
		Release|Any CPU = Release|Any CPU
	EndGlobalSection
	GlobalSection(ProjectConfigurationPlatforms) = postSolution
		{D59F8E46-1006-4C3C-8D86-79061DAF6253}.Debug|Any CPU.ActiveCfg = Debug|Any CPU
		{D59F8E46-1006-4C3C-8D86-79061DAF6253}.Debug|Any CPU.Build.0 = Debug|Any CPU
		{D59F8E46-1006-4C3C-8D86-79061DAF6253}.Release|Any CPU.ActiveCfg = Release|Any CPU
		{D59F8E46-1006-4C3C-8D86-79061DAF6253}.Release|Any CPU.Build.0 = Release|Any CPU
	EndGlobalSection
	GlobalSection(SolutionProperties) = preSolution
		HideSolutionNode = FALSE
	EndGlobalSection
	GlobalSection(ExtensibilityGlobals) = postSolution
		SolutionGuid = {27A431E8-FC89-4D96-8B58-F5394E7C2923}
	EndGlobalSection
EndGlobal
