
Microsoft Visual Studio Solution File, Format Version 12.00
# Visual Studio Version 16
VisualStudioVersion = 16.0.28803.452
MinimumVisualStudioVersion = 10.0.40219.1
Project("{9A19103F-16F7-4668-BE54-9A1E7A4F7556}") = "E03_mediaProdutos", "E03_mediaProdutos.csproj", "{27101B22-EB0C-4999-969D-7BE29EA4061D}"
EndProject
Global
	GlobalSection(SolutionConfigurationPlatforms) = preSolution
		Debug|Any CPU = Debug|Any CPU
		Release|Any CPU = Release|Any CPU
	EndGlobalSection
	GlobalSection(ProjectConfigurationPlatforms) = postSolution
		{27101B22-EB0C-4999-969D-7BE29EA4061D}.Debug|Any CPU.ActiveCfg = Debug|Any CPU
		{27101B22-EB0C-4999-969D-7BE29EA4061D}.Debug|Any CPU.Build.0 = Debug|Any CPU
		{27101B22-EB0C-4999-969D-7BE29EA4061D}.Release|Any CPU.ActiveCfg = Release|Any CPU
		{27101B22-EB0C-4999-969D-7BE29EA4061D}.Release|Any CPU.Build.0 = Release|Any CPU
	EndGlobalSection
	GlobalSection(SolutionProperties) = preSolution
		HideSolutionNode = FALSE
	EndGlobalSection
	GlobalSection(ExtensibilityGlobals) = postSolution
		SolutionGuid = {E291A8A1-968B-47B8-8089-7A286B4791CE}
	EndGlobalSection
EndGlobal
