
Microsoft Visual Studio Solution File, Format Version 12.00
# Visual Studio Version 16
VisualStudioVersion = 16.0.28803.452
MinimumVisualStudioVersion = 10.0.40219.1
Project("{9A19103F-16F7-4668-BE54-9A1E7A4F7556}") = "E01_nome", "E01_nome.csproj", "{10CDB85F-99C6-4127-9AB9-5239F70501B9}"
EndProject
Global
	GlobalSection(SolutionConfigurationPlatforms) = preSolution
		Debug|Any CPU = Debug|Any CPU
		Release|Any CPU = Release|Any CPU
	EndGlobalSection
	GlobalSection(ProjectConfigurationPlatforms) = postSolution
		{10CDB85F-99C6-4127-9AB9-5239F70501B9}.Debug|Any CPU.ActiveCfg = Debug|Any CPU
		{10CDB85F-99C6-4127-9AB9-5239F70501B9}.Debug|Any CPU.Build.0 = Debug|Any CPU
		{10CDB85F-99C6-4127-9AB9-5239F70501B9}.Release|Any CPU.ActiveCfg = Release|Any CPU
		{10CDB85F-99C6-4127-9AB9-5239F70501B9}.Release|Any CPU.Build.0 = Release|Any CPU
	EndGlobalSection
	GlobalSection(SolutionProperties) = preSolution
		HideSolutionNode = FALSE
	EndGlobalSection
	GlobalSection(ExtensibilityGlobals) = postSolution
		SolutionGuid = {EFF363AB-4813-42B8-A783-1ED480573B29}
	EndGlobalSection
EndGlobal
