
Microsoft Visual Studio Solution File, Format Version 12.00
# Visual Studio Version 16
VisualStudioVersion = 16.0.28803.452
MinimumVisualStudioVersion = 10.0.40219.1
Project("{9A19103F-16F7-4668-BE54-9A1E7A4F7556}") = "E02_folhaCadastro", "E02_folhaCadastro.csproj", "{AE856E75-D1FB-4422-88BE-37768B1910BF}"
EndProject
Global
	GlobalSection(SolutionConfigurationPlatforms) = preSolution
		Debug|Any CPU = Debug|Any CPU
		Release|Any CPU = Release|Any CPU
	EndGlobalSection
	GlobalSection(ProjectConfigurationPlatforms) = postSolution
		{AE856E75-D1FB-4422-88BE-37768B1910BF}.Debug|Any CPU.ActiveCfg = Debug|Any CPU
		{AE856E75-D1FB-4422-88BE-37768B1910BF}.Debug|Any CPU.Build.0 = Debug|Any CPU
		{AE856E75-D1FB-4422-88BE-37768B1910BF}.Release|Any CPU.ActiveCfg = Release|Any CPU
		{AE856E75-D1FB-4422-88BE-37768B1910BF}.Release|Any CPU.Build.0 = Release|Any CPU
	EndGlobalSection
	GlobalSection(SolutionProperties) = preSolution
		HideSolutionNode = FALSE
	EndGlobalSection
	GlobalSection(ExtensibilityGlobals) = postSolution
		SolutionGuid = {92CDA853-B03B-43BD-96F8-B3537AA7AF67}
	EndGlobalSection
EndGlobal
