
Microsoft Visual Studio Solution File, Format Version 12.00
# Visual Studio Version 16
VisualStudioVersion = 16.0.28803.452
MinimumVisualStudioVersion = 10.0.40219.1
Project("{9A19103F-16F7-4668-BE54-9A1E7A4F7556}") = "E01_variaveis", "E01_variaveis.csproj", "{206C82F9-E273-4179-8247-0CBBF22C83CC}"
EndProject
Global
	GlobalSection(SolutionConfigurationPlatforms) = preSolution
		Debug|Any CPU = Debug|Any CPU
		Release|Any CPU = Release|Any CPU
	EndGlobalSection
	GlobalSection(ProjectConfigurationPlatforms) = postSolution
		{206C82F9-E273-4179-8247-0CBBF22C83CC}.Debug|Any CPU.ActiveCfg = Debug|Any CPU
		{206C82F9-E273-4179-8247-0CBBF22C83CC}.Debug|Any CPU.Build.0 = Debug|Any CPU
		{206C82F9-E273-4179-8247-0CBBF22C83CC}.Release|Any CPU.ActiveCfg = Release|Any CPU
		{206C82F9-E273-4179-8247-0CBBF22C83CC}.Release|Any CPU.Build.0 = Release|Any CPU
	EndGlobalSection
	GlobalSection(SolutionProperties) = preSolution
		HideSolutionNode = FALSE
	EndGlobalSection
	GlobalSection(ExtensibilityGlobals) = postSolution
		SolutionGuid = {12F41AF4-E8DB-4253-83C9-58090A0FA4B6}
	EndGlobalSection
EndGlobal
