
Microsoft Visual Studio Solution File, Format Version 12.00
# Visual Studio Version 16
VisualStudioVersion = 16.0.28803.452
MinimumVisualStudioVersion = 10.0.40219.1
Project("{9A19103F-16F7-4668-BE54-9A1E7A4F7556}") = "E06_funcionario", "E06_funcionario.csproj", "{20490104-7292-46EA-9CED-D67F2FFAA3C5}"
EndProject
Global
	GlobalSection(SolutionConfigurationPlatforms) = preSolution
		Debug|Any CPU = Debug|Any CPU
		Release|Any CPU = Release|Any CPU
	EndGlobalSection
	GlobalSection(ProjectConfigurationPlatforms) = postSolution
		{20490104-7292-46EA-9CED-D67F2FFAA3C5}.Debug|Any CPU.ActiveCfg = Debug|Any CPU
		{20490104-7292-46EA-9CED-D67F2FFAA3C5}.Debug|Any CPU.Build.0 = Debug|Any CPU
		{20490104-7292-46EA-9CED-D67F2FFAA3C5}.Release|Any CPU.ActiveCfg = Release|Any CPU
		{20490104-7292-46EA-9CED-D67F2FFAA3C5}.Release|Any CPU.Build.0 = Release|Any CPU
	EndGlobalSection
	GlobalSection(SolutionProperties) = preSolution
		HideSolutionNode = FALSE
	EndGlobalSection
	GlobalSection(ExtensibilityGlobals) = postSolution
		SolutionGuid = {946B3D4F-9B05-4657-AD12-44098E7BA845}
	EndGlobalSection
EndGlobal
