
Microsoft Visual Studio Solution File, Format Version 12.00
# Visual Studio Version 16
VisualStudioVersion = 16.0.28803.452
MinimumVisualStudioVersion = 10.0.40219.1
Project("{9A19103F-16F7-4668-BE54-9A1E7A4F7556}") = "E13_nomeMes", "E13_nomeMes.csproj", "{8363807B-7B22-4E5B-88F6-882AE38F713A}"
EndProject
Global
	GlobalSection(SolutionConfigurationPlatforms) = preSolution
		Debug|Any CPU = Debug|Any CPU
		Release|Any CPU = Release|Any CPU
	EndGlobalSection
	GlobalSection(ProjectConfigurationPlatforms) = postSolution
		{8363807B-7B22-4E5B-88F6-882AE38F713A}.Debug|Any CPU.ActiveCfg = Debug|Any CPU
		{8363807B-7B22-4E5B-88F6-882AE38F713A}.Debug|Any CPU.Build.0 = Debug|Any CPU
		{8363807B-7B22-4E5B-88F6-882AE38F713A}.Release|Any CPU.ActiveCfg = Release|Any CPU
		{8363807B-7B22-4E5B-88F6-882AE38F713A}.Release|Any CPU.Build.0 = Release|Any CPU
	EndGlobalSection
	GlobalSection(SolutionProperties) = preSolution
		HideSolutionNode = FALSE
	EndGlobalSection
	GlobalSection(ExtensibilityGlobals) = postSolution
		SolutionGuid = {BF7FAED6-433B-4F93-A661-3DC68BCB40E6}
	EndGlobalSection
EndGlobal
