
Microsoft Visual Studio Solution File, Format Version 12.00
# Visual Studio Version 16
VisualStudioVersion = 16.0.28803.452
MinimumVisualStudioVersion = 10.0.40219.1
Project("{9A19103F-16F7-4668-BE54-9A1E7A4F7556}") = "E08_imparOrPar", "E08_imparOrPar.csproj", "{C6F96A10-C343-42CA-A57D-5494A1762EAA}"
EndProject
Global
	GlobalSection(SolutionConfigurationPlatforms) = preSolution
		Debug|Any CPU = Debug|Any CPU
		Release|Any CPU = Release|Any CPU
	EndGlobalSection
	GlobalSection(ProjectConfigurationPlatforms) = postSolution
		{C6F96A10-C343-42CA-A57D-5494A1762EAA}.Debug|Any CPU.ActiveCfg = Debug|Any CPU
		{C6F96A10-C343-42CA-A57D-5494A1762EAA}.Debug|Any CPU.Build.0 = Debug|Any CPU
		{C6F96A10-C343-42CA-A57D-5494A1762EAA}.Release|Any CPU.ActiveCfg = Release|Any CPU
		{C6F96A10-C343-42CA-A57D-5494A1762EAA}.Release|Any CPU.Build.0 = Release|Any CPU
	EndGlobalSection
	GlobalSection(SolutionProperties) = preSolution
		HideSolutionNode = FALSE
	EndGlobalSection
	GlobalSection(ExtensibilityGlobals) = postSolution
		SolutionGuid = {899AC0DA-6FF0-4246-A21A-2E205AFF43D0}
	EndGlobalSection
EndGlobal
