
Microsoft Visual Studio Solution File, Format Version 12.00
# Visual Studio Version 16
VisualStudioVersion = 16.0.28803.452
MinimumVisualStudioVersion = 10.0.40219.1
Project("{9A19103F-16F7-4668-BE54-9A1E7A4F7556}") = "E05_ordemCrescente", "E05_ordemCrescente.csproj", "{6EF45BD6-90E2-4099-83D7-C56415CDCFAD}"
EndProject
Global
	GlobalSection(SolutionConfigurationPlatforms) = preSolution
		Debug|Any CPU = Debug|Any CPU
		Release|Any CPU = Release|Any CPU
	EndGlobalSection
	GlobalSection(ProjectConfigurationPlatforms) = postSolution
		{6EF45BD6-90E2-4099-83D7-C56415CDCFAD}.Debug|Any CPU.ActiveCfg = Debug|Any CPU
		{6EF45BD6-90E2-4099-83D7-C56415CDCFAD}.Debug|Any CPU.Build.0 = Debug|Any CPU
		{6EF45BD6-90E2-4099-83D7-C56415CDCFAD}.Release|Any CPU.ActiveCfg = Release|Any CPU
		{6EF45BD6-90E2-4099-83D7-C56415CDCFAD}.Release|Any CPU.Build.0 = Release|Any CPU
	EndGlobalSection
	GlobalSection(SolutionProperties) = preSolution
		HideSolutionNode = FALSE
	EndGlobalSection
	GlobalSection(ExtensibilityGlobals) = postSolution
		SolutionGuid = {81E5CD03-54ED-491C-8021-C9CFE4770C07}
	EndGlobalSection
EndGlobal
