
Microsoft Visual Studio Solution File, Format Version 12.00
# Visual Studio Version 16
VisualStudioVersion = 16.0.28803.452
MinimumVisualStudioVersion = 10.0.40219.1
Project("{9A19103F-16F7-4668-BE54-9A1E7A4F7556}") = "E10_conversaoGraus", "E10_conversaoGraus.csproj", "{5CDC1AB8-1675-4E4E-A882-5D4D6AC7F435}"
EndProject
Global
	GlobalSection(SolutionConfigurationPlatforms) = preSolution
		Debug|Any CPU = Debug|Any CPU
		Release|Any CPU = Release|Any CPU
	EndGlobalSection
	GlobalSection(ProjectConfigurationPlatforms) = postSolution
		{5CDC1AB8-1675-4E4E-A882-5D4D6AC7F435}.Debug|Any CPU.ActiveCfg = Debug|Any CPU
		{5CDC1AB8-1675-4E4E-A882-5D4D6AC7F435}.Debug|Any CPU.Build.0 = Debug|Any CPU
		{5CDC1AB8-1675-4E4E-A882-5D4D6AC7F435}.Release|Any CPU.ActiveCfg = Release|Any CPU
		{5CDC1AB8-1675-4E4E-A882-5D4D6AC7F435}.Release|Any CPU.Build.0 = Release|Any CPU
	EndGlobalSection
	GlobalSection(SolutionProperties) = preSolution
		HideSolutionNode = FALSE
	EndGlobalSection
	GlobalSection(ExtensibilityGlobals) = postSolution
		SolutionGuid = {5C9D8288-13A3-4F8F-BB62-73B43D748146}
	EndGlobalSection
EndGlobal
