
Microsoft Visual Studio Solution File, Format Version 12.00
# Visual Studio Version 16
VisualStudioVersion = 16.0.28803.452
MinimumVisualStudioVersion = 10.0.40219.1
Project("{9A19103F-16F7-4668-BE54-9A1E7A4F7556}") = "E02_maior18", "E02_maior18.csproj", "{D29D6114-8127-4C2C-BEEC-AFC9726A47E5}"
EndProject
Global
	GlobalSection(SolutionConfigurationPlatforms) = preSolution
		Debug|Any CPU = Debug|Any CPU
		Release|Any CPU = Release|Any CPU
	EndGlobalSection
	GlobalSection(ProjectConfigurationPlatforms) = postSolution
		{D29D6114-8127-4C2C-BEEC-AFC9726A47E5}.Debug|Any CPU.ActiveCfg = Debug|Any CPU
		{D29D6114-8127-4C2C-BEEC-AFC9726A47E5}.Debug|Any CPU.Build.0 = Debug|Any CPU
		{D29D6114-8127-4C2C-BEEC-AFC9726A47E5}.Release|Any CPU.ActiveCfg = Release|Any CPU
		{D29D6114-8127-4C2C-BEEC-AFC9726A47E5}.Release|Any CPU.Build.0 = Release|Any CPU
	EndGlobalSection
	GlobalSection(SolutionProperties) = preSolution
		HideSolutionNode = FALSE
	EndGlobalSection
	GlobalSection(ExtensibilityGlobals) = postSolution
		SolutionGuid = {0009BFD4-6F09-4FF9-908A-9FAFCBB17E39}
	EndGlobalSection
EndGlobal
