
Microsoft Visual Studio Solution File, Format Version 12.00
# Visual Studio Version 16
VisualStudioVersion = 16.0.28803.452
MinimumVisualStudioVersion = 10.0.40219.1
Project("{9A19103F-16F7-4668-BE54-9A1E7A4F7556}") = "E16_detalhesSalario", "E16_detalhesSalario.csproj", "{C25F4DF0-E11F-4433-BD8A-397C67A2433F}"
EndProject
Global
	GlobalSection(SolutionConfigurationPlatforms) = preSolution
		Debug|Any CPU = Debug|Any CPU
		Release|Any CPU = Release|Any CPU
	EndGlobalSection
	GlobalSection(ProjectConfigurationPlatforms) = postSolution
		{C25F4DF0-E11F-4433-BD8A-397C67A2433F}.Debug|Any CPU.ActiveCfg = Debug|Any CPU
		{C25F4DF0-E11F-4433-BD8A-397C67A2433F}.Debug|Any CPU.Build.0 = Debug|Any CPU
		{C25F4DF0-E11F-4433-BD8A-397C67A2433F}.Release|Any CPU.ActiveCfg = Release|Any CPU
		{C25F4DF0-E11F-4433-BD8A-397C67A2433F}.Release|Any CPU.Build.0 = Release|Any CPU
	EndGlobalSection
	GlobalSection(SolutionProperties) = preSolution
		HideSolutionNode = FALSE
	EndGlobalSection
	GlobalSection(ExtensibilityGlobals) = postSolution
		SolutionGuid = {1E92ED9D-43DF-482C-920F-BA53256A3301}
	EndGlobalSection
EndGlobal
